# This file is automatically @generated by Poetry 1.6.1 and should not be changed by hand.

[[package]]
name = "cigam"
version = "0.0.3"
description = "magic"
optional = false
python-versions = "*"
files = [
    {file = "cigam-0.0.3-py3-none-any.whl", hash = "sha256:8fcf65d7361f0372c53780e861307abd1f11a94b6204fa653ba3f38277822783"},
]

[[package]]
name = "pyelftools"
version = "0.30"
description = "Library for analyzing ELF files and DWARF debugging information"
optional = false
python-versions = "*"
files = [
    {file = "pyelftools-0.30-py2.py3-none-any.whl", hash = "sha256:544c3440eddb9a0dce70b6611de0b28163d71def759d2ed57a0d00118fc5da86"},
    {file = "pyelftools-0.30.tar.gz", hash = "sha256:2fc92b0d534f8b081f58c7c370967379123d8e00984deb53c209364efd575b40"},
]

[[package]]
name = "xmltodict"
version = "0.13.0"
description = "Makes working with XML feel like you are working with JSON"
optional = false
python-versions = ">=3.4"
files = [
    {file = "xmltodict-0.13.0-py2.py3-none-any.whl", hash = "sha256:aa89e8fd76320154a40d19a0df04a4695fb9dc5ba977cbb68ab3e4eb225e7852"},
    {file = "xmltodict-0.13.0.tar.gz", hash = "sha256:341595a488e3e01a85a9d8911d8912fd922ede5fecc4dce437eb4b6c8d037e56"},
]

[metadata]
lock-version = "2.0"
python-versions = "^3.11"
content-hash = "3fa7f4468297f14bd7dba289add5fe28cdee8fdd8e7e3f7b901cae4397a76d0f"
